
Microsoft Visual Studio Solution File, Format Version 12.00
# Visual Studio Version 16
VisualStudioVersion = 16.0.30907.101
MinimumVisualStudioVersion = 10.0.40219.1
Project("{FAE04EC0-301F-11D3-BF4B-00C04F79EFBC}") = "MVC5 WEB", "MVC5 WEB\MVC5 WEB.csproj", "{F9739647-E0AF-4358-9DE1-E5E74271F7DD}"
EndProject
Global
	GlobalSection(SolutionConfigurationPlatforms) = preSolution
		Debug|Any CPU = Debug|Any CPU
		Release|Any CPU = Release|Any CPU
	EndGlobalSection
	GlobalSection(ProjectConfigurationPlatforms) = postSolution
		{F9739647-E0AF-4358-9DE1-E5E74271F7DD}.Debug|Any CPU.ActiveCfg = Debug|Any CPU
		{F9739647-E0AF-4358-9DE1-E5E74271F7DD}.Debug|Any CPU.Build.0 = Debug|Any CPU
		{F9739647-E0AF-4358-9DE1-E5E74271F7DD}.Release|Any CPU.ActiveCfg = Release|Any CPU
		{F9739647-E0AF-4358-9DE1-E5E74271F7DD}.Release|Any CPU.Build.0 = Release|Any CPU
	EndGlobalSection
	GlobalSection(SolutionProperties) = preSolution
		HideSolutionNode = FALSE
	EndGlobalSection
	GlobalSection(ExtensibilityGlobals) = postSolution
		SolutionGuid = {9583115D-603E-431F-8CCA-CE0BA0E4D41C}
	EndGlobalSection
EndGlobal
